
Microsoft Visual Studio Solution File, Format Version 12.00
# Visual Studio Version 16
VisualStudioVersion = 16.0.30204.135
MinimumVisualStudioVersion = 10.0.40219.1
Project("{FAE04EC0-301F-11D3-BF4B-00C04F79EFBC}") = "AzureKeyVaultProviderKeyClientUpgrade", "AzureKeyVaultProviderKeyClientUpgrade\AzureKeyVaultProviderKeyClientUpgrade.csproj", "{BEE821FC-65EF-4A33-B638-9055DA929BA7}"
EndProject
Project("{9A19103F-16F7-4668-BE54-9A1E7A4F7556}") = "AzureKeyVaultProviderKeyClientUpgradeTests", "AzureKeyVaultProviderKeyClientUpgradeTests\AzureKeyVaultProviderKeyClientUpgradeTests.csproj", "{93BB8BFF-4902-475B-86A6-2ACAFC583F71}"
EndProject
Global
	GlobalSection(SolutionConfigurationPlatforms) = preSolution
		Debug|Any CPU = Debug|Any CPU
		Release|Any CPU = Release|Any CPU
	EndGlobalSection
	GlobalSection(ProjectConfigurationPlatforms) = postSolution
		{BEE821FC-65EF-4A33-B638-9055DA929BA7}.Debug|Any CPU.ActiveCfg = Debug|Any CPU
		{BEE821FC-65EF-4A33-B638-9055DA929BA7}.Debug|Any CPU.Build.0 = Debug|Any CPU
		{BEE821FC-65EF-4A33-B638-9055DA929BA7}.Release|Any CPU.ActiveCfg = Release|Any CPU
		{BEE821FC-65EF-4A33-B638-9055DA929BA7}.Release|Any CPU.Build.0 = Release|Any CPU
		{93BB8BFF-4902-475B-86A6-2ACAFC583F71}.Debug|Any CPU.ActiveCfg = Debug|Any CPU
		{93BB8BFF-4902-475B-86A6-2ACAFC583F71}.Debug|Any CPU.Build.0 = Debug|Any CPU
		{93BB8BFF-4902-475B-86A6-2ACAFC583F71}.Release|Any CPU.ActiveCfg = Release|Any CPU
		{93BB8BFF-4902-475B-86A6-2ACAFC583F71}.Release|Any CPU.Build.0 = Release|Any CPU
	EndGlobalSection
	GlobalSection(SolutionProperties) = preSolution
		HideSolutionNode = FALSE
	EndGlobalSection
	GlobalSection(ExtensibilityGlobals) = postSolution
		SolutionGuid = {46E03F88-5D05-4653-84A5-A5CE69C724CD}
	EndGlobalSection
EndGlobal
